
Microsoft Visual Studio Solution File, Format Version 12.00
# Visual Studio Version 16
VisualStudioVersion = 16.0.30225.117
MinimumVisualStudioVersion = 10.0.40219.1
Project("{FAE04EC0-301F-11D3-BF4B-00C04F79EFBC}") = "MvcMovie", "MvcMovie.csproj", "{A843BF1E-B31C-4160-A224-1C7C5BEB9B0D}"
EndProject
Global
	GlobalSection(SolutionConfigurationPlatforms) = preSolution
		Debug|Any CPU = Debug|Any CPU
		Release|Any CPU = Release|Any CPU
	EndGlobalSection
	GlobalSection(ProjectConfigurationPlatforms) = postSolution
		{A843BF1E-B31C-4160-A224-1C7C5BEB9B0D}.Debug|Any CPU.ActiveCfg = Debug|Any CPU
		{A843BF1E-B31C-4160-A224-1C7C5BEB9B0D}.Debug|Any CPU.Build.0 = Debug|Any CPU
		{A843BF1E-B31C-4160-A224-1C7C5BEB9B0D}.Release|Any CPU.ActiveCfg = Release|Any CPU
		{A843BF1E-B31C-4160-A224-1C7C5BEB9B0D}.Release|Any CPU.Build.0 = Release|Any CPU
	EndGlobalSection
	GlobalSection(SolutionProperties) = preSolution
		HideSolutionNode = FALSE
	EndGlobalSection
	GlobalSection(ExtensibilityGlobals) = postSolution
		SolutionGuid = {A5285C60-6D30-4FC1-89EB-97751D48A12D}
	EndGlobalSection
EndGlobal
